
Microsoft Visual Studio Solution File, Format Version 12.00
# Visual Studio 15
VisualStudioVersion = 15.0.28010.2036
MinimumVisualStudioVersion = 10.0.40219.1
Project("{FAE04EC0-301F-11D3-BF4B-00C04F79EFBC}") = "apitest", "apitest\apitest.csproj", "{0CF69843-A847-43AC-AB52-61BE637D7D96}"
EndProject
Global
	GlobalSection(SolutionConfigurationPlatforms) = preSolution
		Debug|Any CPU = Debug|Any CPU
		Release|Any CPU = Release|Any CPU
	EndGlobalSection
	GlobalSection(ProjectConfigurationPlatforms) = postSolution
		{0CF69843-A847-43AC-AB52-61BE637D7D96}.Debug|Any CPU.ActiveCfg = Debug|Any CPU
		{0CF69843-A847-43AC-AB52-61BE637D7D96}.Debug|Any CPU.Build.0 = Debug|Any CPU
		{0CF69843-A847-43AC-AB52-61BE637D7D96}.Release|Any CPU.ActiveCfg = Release|Any CPU
		{0CF69843-A847-43AC-AB52-61BE637D7D96}.Release|Any CPU.Build.0 = Release|Any CPU
	EndGlobalSection
	GlobalSection(SolutionProperties) = preSolution
		HideSolutionNode = FALSE
	EndGlobalSection
	GlobalSection(ExtensibilityGlobals) = postSolution
		SolutionGuid = {C307E14A-6EC1-4FD7-92F1-6B16A0F1C352}
	EndGlobalSection
EndGlobal
